
Microsoft Visual Studio Solution File, Format Version 12.00
# Visual Studio Version 16
VisualStudioVersion = 16.0.32602.291
MinimumVisualStudioVersion = 10.0.40219.1
Project("{FAE04EC0-301F-11D3-BF4B-00C04F79EFBC}") = "segundo teste", "segundo teste\segundo teste.csproj", "{A8C9666A-1DE2-4EE1-AC09-39872D087FE8}"
EndProject
Global
	GlobalSection(SolutionConfigurationPlatforms) = preSolution
		Debug|Any CPU = Debug|Any CPU
		Release|Any CPU = Release|Any CPU
	EndGlobalSection
	GlobalSection(ProjectConfigurationPlatforms) = postSolution
		{A8C9666A-1DE2-4EE1-AC09-39872D087FE8}.Debug|Any CPU.ActiveCfg = Debug|Any CPU
		{A8C9666A-1DE2-4EE1-AC09-39872D087FE8}.Debug|Any CPU.Build.0 = Debug|Any CPU
		{A8C9666A-1DE2-4EE1-AC09-39872D087FE8}.Release|Any CPU.ActiveCfg = Release|Any CPU
		{A8C9666A-1DE2-4EE1-AC09-39872D087FE8}.Release|Any CPU.Build.0 = Release|Any CPU
	EndGlobalSection
	GlobalSection(SolutionProperties) = preSolution
		HideSolutionNode = FALSE
	EndGlobalSection
	GlobalSection(ExtensibilityGlobals) = postSolution
		SolutionGuid = {216B728A-1E51-4598-A085-BBD87B0B50E6}
	EndGlobalSection
EndGlobal
